// !$*UTF8*$!
{
	archiveVersion = 1;
	classes = {
	};
	objectVersion = 46;
	objects = {

/* Begin PBXBuildFile section */
		B94A36151F253A810040BD13 /* neural_net.c in Sources */ = {isa = PBXBuildFile; fileRef = B94A36131F253A810040BD13 /* neural_net.c */; };
		B94A36181F253F8F0040BD13 /* input_stock.c in Sources */ = {isa = PBXBuildFile; fileRef = B94A36161F253F8F0040BD13 /* input_stock.c */; };
		B9783CCD1F14113000D4DE75 /* main.c in Sources */ = {isa = PBXBuildFile; fileRef = B9783CCC1F14113000D4DE75 /* main.c */; };
		B9783CD41F14115A00D4DE75 /* pathfinder.c in Sources */ = {isa = PBXBuildFile; fileRef = B9783CD31F14115A00D4DE75 /* pathfinder.c */; };
		B9783CD61F14169600D4DE75 /* pathfinder.h in Sources */ = {isa = PBXBuildFile; fileRef = B9783CD51F14169600D4DE75 /* pathfinder.h */; };
		B9783CD91F1467C200D4DE75 /* vector.c in Sources */ = {isa = PBXBuildFile; fileRef = B9783CD71F1467C200D4DE75 /* vector.c */; };
		B9783CDC1F146A0100D4DE75 /* point.c in Sources */ = {isa = PBXBuildFile; fileRef = B9783CDA1F146A0100D4DE75 /* point.c */; };
		B9783CDF1F1521A000D4DE75 /* booleans.c in Sources */ = {isa = PBXBuildFile; fileRef = B9783CDD1F1521A000D4DE75 /* booleans.c */; };
		B9F9C3C71F15D31C00880B41 /* mazegen.c in Sources */ = {isa = PBXBuildFile; fileRef = B9F9C3C51F15D31C00880B41 /* mazegen.c */; };
/* End PBXBuildFile section */

/* Begin PBXCopyFilesBuildPhase section */
		B9783CC71F14113000D4DE75 /* CopyFiles */ = {
			isa = PBXCopyFilesBuildPhase;
			buildActionMask = 2147483647;
			dstPath = /usr/share/man/man1/;
			dstSubfolderSpec = 0;
			files = (
			);
			runOnlyForDeploymentPostprocessing = 1;
		};
/* End PBXCopyFilesBuildPhase section */

/* Begin PBXFileReference section */
		B94A36131F253A810040BD13 /* neural_net.c */ = {isa = PBXFileReference; fileEncoding = 4; lastKnownFileType = sourcecode.c.c; path = neural_net.c; sourceTree = "<group>"; };
		B94A36141F253A810040BD13 /* neural_net.h */ = {isa = PBXFileReference; fileEncoding = 4; lastKnownFileType = sourcecode.c.h; path = neural_net.h; sourceTree = "<group>"; };
		B94A36161F253F8F0040BD13 /* input_stock.c */ = {isa = PBXFileReference; fileEncoding = 4; lastKnownFileType = sourcecode.c.c; path = input_stock.c; sourceTree = "<group>"; };
		B94A36171F253F8F0040BD13 /* input_stock.h */ = {isa = PBXFileReference; fileEncoding = 4; lastKnownFileType = sourcecode.c.h; path = input_stock.h; sourceTree = "<group>"; };
		B94A36191F25413F0040BD13 /* EOD-AAPL.csv */ = {isa = PBXFileReference; fileEncoding = 4; lastKnownFileType = text; name = "EOD-AAPL.csv"; path = "mazegener/EOD-AAPL.csv"; sourceTree = "<group>"; };
		B9783CC91F14113000D4DE75 /* mazegener */ = {isa = PBXFileReference; explicitFileType = "compiled.mach-o.executable"; includeInIndex = 0; path = mazegener; sourceTree = BUILT_PRODUCTS_DIR; };
		B9783CCC1F14113000D4DE75 /* main.c */ = {isa = PBXFileReference; lastKnownFileType = sourcecode.c.c; path = main.c; sourceTree = "<group>"; };
		B9783CD31F14115A00D4DE75 /* pathfinder.c */ = {isa = PBXFileReference; fileEncoding = 4; lastKnownFileType = sourcecode.c.c; path = pathfinder.c; sourceTree = "<group>"; };
		B9783CD51F14169600D4DE75 /* pathfinder.h */ = {isa = PBXFileReference; fileEncoding = 4; lastKnownFileType = sourcecode.c.h; path = pathfinder.h; sourceTree = "<group>"; };
		B9783CD71F1467C200D4DE75 /* vector.c */ = {isa = PBXFileReference; fileEncoding = 4; lastKnownFileType = sourcecode.c.c; path = vector.c; sourceTree = "<group>"; };
		B9783CD81F1467C200D4DE75 /* vector.h */ = {isa = PBXFileReference; fileEncoding = 4; lastKnownFileType = sourcecode.c.h; path = vector.h; sourceTree = "<group>"; };
		B9783CDA1F146A0100D4DE75 /* point.c */ = {isa = PBXFileReference; fileEncoding = 4; lastKnownFileType = sourcecode.c.c; path = point.c; sourceTree = "<group>"; };
		B9783CDB1F146A0100D4DE75 /* point.h */ = {isa = PBXFileReference; fileEncoding = 4; lastKnownFileType = sourcecode.c.h; path = point.h; sourceTree = "<group>"; };
		B9783CDD1F1521A000D4DE75 /* booleans.c */ = {isa = PBXFileReference; fileEncoding = 4; lastKnownFileType = sourcecode.c.c; path = booleans.c; sourceTree = "<group>"; };
		B9783CDE1F1521A000D4DE75 /* booleans.h */ = {isa = PBXFileReference; fileEncoding = 4; lastKnownFileType = sourcecode.c.h; path = booleans.h; sourceTree = "<group>"; };
		B9F9C3C51F15D31C00880B41 /* mazegen.c */ = {isa = PBXFileReference; fileEncoding = 4; lastKnownFileType = sourcecode.c.c; path = mazegen.c; sourceTree = "<group>"; };
		B9F9C3C61F15D31C00880B41 /* mazegen.h */ = {isa = PBXFileReference; fileEncoding = 4; lastKnownFileType = sourcecode.c.h; path = mazegen.h; sourceTree = "<group>"; };
/* End PBXFileReference section */

/* Begin PBXFrameworksBuildPhase section */
		B9783CC61F14113000D4DE75 /* Frameworks */ = {
			isa = PBXFrameworksBuildPhase;
			buildActionMask = 2147483647;
			files = (
			);
			runOnlyForDeploymentPostprocessing = 0;
		};
/* End PBXFrameworksBuildPhase section */

/* Begin PBXGroup section */
		B9783CC01F14113000D4DE75 = {
			isa = PBXGroup;
			children = (
				B9783CCB1F14113000D4DE75 /* mazegener */,
				B9783CCA1F14113000D4DE75 /* Products */,
				B94A36191F25413F0040BD13 /* EOD-AAPL.csv */,
			);
			sourceTree = "<group>";
		};
		B9783CCA1F14113000D4DE75 /* Products */ = {
			isa = PBXGroup;
			children = (
				B9783CC91F14113000D4DE75 /* mazegener */,
			);
			name = Products;
			sourceTree = "<group>";
		};
		B9783CCB1F14113000D4DE75 /* mazegener */ = {
			isa = PBXGroup;
			children = (
				B9783CCC1F14113000D4DE75 /* main.c */,
				B9F9C3C51F15D31C00880B41 /* mazegen.c */,
				B94A36131F253A810040BD13 /* neural_net.c */,
				B94A36141F253A810040BD13 /* neural_net.h */,
				B9F9C3C61F15D31C00880B41 /* mazegen.h */,
				B94A36161F253F8F0040BD13 /* input_stock.c */,
				B94A36171F253F8F0040BD13 /* input_stock.h */,
				B9783CDA1F146A0100D4DE75 /* point.c */,
				B9783CDB1F146A0100D4DE75 /* point.h */,
				B9783CD71F1467C200D4DE75 /* vector.c */,
				B9783CD81F1467C200D4DE75 /* vector.h */,
				B9783CD51F14169600D4DE75 /* pathfinder.h */,
				B9783CD31F14115A00D4DE75 /* pathfinder.c */,
				B9783CDD1F1521A000D4DE75 /* booleans.c */,
				B9783CDE1F1521A000D4DE75 /* booleans.h */,
			);
			path = mazegener;
			sourceTree = "<group>";
		};
/* End PBXGroup section */

/* Begin PBXNativeTarget section */
		B9783CC81F14113000D4DE75 /* mazegener */ = {
			isa = PBXNativeTarget;
			buildConfigurationList = B9783CD01F14113000D4DE75 /* Build configuration list for PBXNativeTarget "mazegener" */;
			buildPhases = (
				B9783CC51F14113000D4DE75 /* Sources */,
				B9783CC61F14113000D4DE75 /* Frameworks */,
				B9783CC71F14113000D4DE75 /* CopyFiles */,
			);
			buildRules = (
			);
			dependencies = (
			);
			name = mazegener;
			productName = mazegener;
			productReference = B9783CC91F14113000D4DE75 /* mazegener */;
			productType = "com.apple.product-type.tool";
		};
/* End PBXNativeTarget section */

/* Begin PBXProject section */
		B9783CC11F14113000D4DE75 /* Project object */ = {
			isa = PBXProject;
			attributes = {
				LastUpgradeCheck = 0830;
				ORGANIZATIONNAME = "Harrison Downs";
				TargetAttributes = {
					B9783CC81F14113000D4DE75 = {
						CreatedOnToolsVersion = 8.3;
						ProvisioningStyle = Automatic;
					};
				};
			};
			buildConfigurationList = B9783CC41F14113000D4DE75 /* Build configuration list for PBXProject "mazegener" */;
			compatibilityVersion = "Xcode 3.2";
			developmentRegion = English;
			hasScannedForEncodings = 0;
			knownRegions = (
				en,
			);
			mainGroup = B9783CC01F14113000D4DE75;
			productRefGroup = B9783CCA1F14113000D4DE75 /* Products */;
			projectDirPath = "";
			projectRoot = "";
			targets = (
				B9783CC81F14113000D4DE75 /* mazegener */,
			);
		};
/* End PBXProject section */

/* Begin PBXSourcesBuildPhase section */
		B9783CC51F14113000D4DE75 /* Sources */ = {
			isa = PBXSourcesBuildPhase;
			buildActionMask = 2147483647;
			files = (
				B9783CDC1F146A0100D4DE75 /* point.c in Sources */,
				B9F9C3C71F15D31C00880B41 /* mazegen.c in Sources */,
				B94A36151F253A810040BD13 /* neural_net.c in Sources */,
				B9783CD91F1467C200D4DE75 /* vector.c in Sources */,
				B9783CDF1F1521A000D4DE75 /* booleans.c in Sources */,
				B94A36181F253F8F0040BD13 /* input_stock.c in Sources */,
				B9783CD61F14169600D4DE75 /* pathfinder.h in Sources */,
				B9783CD41F14115A00D4DE75 /* pathfinder.c in Sources */,
				B9783CCD1F14113000D4DE75 /* main.c in Sources */,
			);
			runOnlyForDeploymentPostprocessing = 0;
		};
/* End PBXSourcesBuildPhase section */

/* Begin XCBuildConfiguration section */
		B9783CCE1F14113000D4DE75 /* Debug */ = {
			isa = XCBuildConfiguration;
			buildSettings = {
				ALWAYS_SEARCH_USER_PATHS = NO;
				CLANG_ANALYZER_NONNULL = YES;
				CLANG_ANALYZER_NUMBER_OBJECT_CONVERSION = YES_AGGRESSIVE;
				CLANG_CXX_LANGUAGE_STANDARD = "gnu++0x";
				CLANG_CXX_LIBRARY = "libc++";
				CLANG_ENABLE_MODULES = YES;
				CLANG_ENABLE_OBJC_ARC = YES;
				CLANG_WARN_BOOL_CONVERSION = YES;
				CLANG_WARN_CONSTANT_CONVERSION = YES;
				CLANG_WARN_DIRECT_OBJC_ISA_USAGE = YES_ERROR;
				CLANG_WARN_DOCUMENTATION_COMMENTS = YES;
				CLANG_WARN_EMPTY_BODY = YES;
				CLANG_WARN_ENUM_CONVERSION = YES;
				CLANG_WARN_INFINITE_RECURSION = YES;
				CLANG_WARN_INT_CONVERSION = YES;
				CLANG_WARN_OBJC_ROOT_CLASS = YES_ERROR;
				CLANG_WARN_SUSPICIOUS_MOVE = YES;
				CLANG_WARN_UNREACHABLE_CODE = YES;
				CLANG_WARN__DUPLICATE_METHOD_MATCH = YES;
				CODE_SIGN_IDENTITY = "-";
				COPY_PHASE_STRIP = NO;
				DEBUG_INFORMATION_FORMAT = dwarf;
				ENABLE_STRICT_OBJC_MSGSEND = YES;
				ENABLE_TESTABILITY = YES;
				GCC_C_LANGUAGE_STANDARD = gnu99;
				GCC_DYNAMIC_NO_PIC = NO;
				GCC_NO_COMMON_BLOCKS = YES;
				GCC_OPTIMIZATION_LEVEL = 0;
				GCC_PREPROCESSOR_DEFINITIONS = (
					"DEBUG=1",
					"$(inherited)",
				);
				GCC_WARN_64_TO_32_BIT_CONVERSION = YES;
				GCC_WARN_ABOUT_RETURN_TYPE = YES_ERROR;
				GCC_WARN_UNDECLARED_SELECTOR = YES;
				GCC_WARN_UNINITIALIZED_AUTOS = YES_AGGRESSIVE;
				GCC_WARN_UNUSED_FUNCTION = YES;
				GCC_WARN_UNUSED_VARIABLE = YES;
				MACOSX_DEPLOYMENT_TARGET = 10.12;
				MTL_ENABLE_DEBUG_INFO = YES;
				ONLY_ACTIVE_ARCH = YES;
				SDKROOT = macosx;
			};
			name = Debug;
		};
		B9783CCF1F14113000D4DE75 /* Release */ = {
			isa = XCBuildConfiguration;
			buildSettings = {
				ALWAYS_SEARCH_USER_PATHS = NO;
				CLANG_ANALYZER_NONNULL = YES;
				CLANG_ANALYZER_NUMBER_OBJECT_CONVERSION = YES_AGGRESSIVE;
				CLANG_CXX_LANGUAGE_STANDARD = "gnu++0x";
				CLANG_CXX_LIBRARY = "libc++";
				CLANG_ENABLE_MODULES = YES;
				CLANG_ENABLE_OBJC_ARC = YES;
				CLANG_WARN_BOOL_CONVERSION = YES;
				CLANG_WARN_CONSTANT_CONVERSION = YES;
				CLANG_WARN_DIRECT_OBJC_ISA_USAGE = YES_ERROR;
				CLANG_WARN_DOCUMENTATION_COMMENTS = YES;
				CLANG_WARN_EMPTY_BODY = YES;
				CLANG_WARN_ENUM_CONVERSION = YES;
				CLANG_WARN_INFINITE_RECURSION = YES;
				CLANG_WARN_INT_CONVERSION = YES;
				CLANG_WARN_OBJC_ROOT_CLASS = YES_ERROR;
				CLANG_WARN_SUSPICIOUS_MOVE = YES;
				CLANG_WARN_UNREACHABLE_CODE = YES;
				CLANG_WARN__DUPLICATE_METHOD_MATCH = YES;
				CODE_SIGN_IDENTITY = "-";
				COPY_PHASE_STRIP = NO;
				DEBUG_INFORMATION_FORMAT = "dwarf-with-dsym";
				ENABLE_NS_ASSERTIONS = NO;
				ENABLE_STRICT_OBJC_MSGSEND = YES;
				GCC_C_LANGUAGE_STANDARD = gnu99;
				GCC_NO_COMMON_BLOCKS = YES;
				GCC_WARN_64_TO_32_BIT_CONVERSION = YES;
				GCC_WARN_ABOUT_RETURN_TYPE = YES_ERROR;
				GCC_WARN_UNDECLARED_SELECTOR = YES;
				GCC_WARN_UNINITIALIZED_AUTOS = YES_AGGRESSIVE;
				GCC_WARN_UNUSED_FUNCTION = YES;
				GCC_WARN_UNUSED_VARIABLE = YES;
				MACOSX_DEPLOYMENT_TARGET = 10.12;
				MTL_ENABLE_DEBUG_INFO = NO;
				SDKROOT = macosx;
			};
			name = Release;
		};
		B9783CD11F14113000D4DE75 /* Debug */ = {
			isa = XCBuildConfiguration;
			buildSettings = {
				PRODUCT_NAME = "$(TARGET_NAME)";
			};
			name = Debug;
		};
		B9783CD21F14113000D4DE75 /* Release */ = {
			isa = XCBuildConfiguration;
			buildSettings = {
				PRODUCT_NAME = "$(TARGET_NAME)";
			};
			name = Release;
		};
/* End XCBuildConfiguration section */

/* Begin XCConfigurationList section */
		B9783CC41F14113000D4DE75 /* Build configuration list for PBXProject "mazegener" */ = {
			isa = XCConfigurationList;
			buildConfigurations = (
				B9783CCE1F14113000D4DE75 /* Debug */,
				B9783CCF1F14113000D4DE75 /* Release */,
			);
			defaultConfigurationIsVisible = 0;
			defaultConfigurationName = Release;
		};
		B9783CD01F14113000D4DE75 /* Build configuration list for PBXNativeTarget "mazegener" */ = {
			isa = XCConfigurationList;
			buildConfigurations = (
				B9783CD11F14113000D4DE75 /* Debug */,
				B9783CD21F14113000D4DE75 /* Release */,
			);
			defaultConfigurationIsVisible = 0;
			defaultConfigurationName = Release;
		};
/* End XCConfigurationList section */
	};
	rootObject = B9783CC11F14113000D4DE75 /* Project object */;
}
